{
  "nodes": {
    "nixpkgs": {
      "locked": {
        "lastModified": 1701336116,
        "narHash": "sha256-kEmpezCR/FpITc6yMbAh4WrOCiT2zg5pSjnKrq51h5Y=",
        "owner": "NixOS",
        "repo": "nixpkgs",
        "rev": "f5c27c6136db4d76c30e533c20517df6864c46ee",
        "type": "github"
      },
      "original": {
        "owner": "NixOS",
        "ref": "nixpkgs-unstable",
        "repo": "nixpkgs",
        "type": "github"
      }
    },
    "nixpkgs-unstable": {
      "locked": {
        "lastModified": 1701174899,
        "narHash": "sha256-1W+FMe8mWsJKXoBc+QgKmEeRj33kTFnPq7XCjU+bfnA=",
        "path": "/nix/store/19kjl5p3hx3l51yfnii653a3qzm4l6hf-source",
        "rev": "010c7296f3b19a58b206fdf7d68d75a5b0a09e9e",
        "type": "path"
      },
      "original": {
        "id": "nixpkgs-unstable",
        "type": "indirect"
      }
    },
    "root": {
      "inputs": {
        "nixpkgs": "nixpkgs",
        "nixpkgs-unstable": "nixpkgs-unstable"
      }
    }
  },
  "root": "root",
  "version": 7
}
